
Microsoft Visual Studio Solution File, Format Version 12.00
# Visual Studio Version 17
VisualStudioVersion = 17.4.33205.214
MinimumVisualStudioVersion = 10.0.40219.1
Project("{FAE04EC0-301F-11D3-BF4B-00C04F79EFBC}") = "DATING.APP", "DATING.APP\DATING.APP.csproj", "{36C1FC61-99E8-4B81-871C-0D8953D3D4EC}"
EndProject
Global
	GlobalSection(SolutionConfigurationPlatforms) = preSolution
		Debug|Any CPU = Debug|Any CPU
		Release|Any CPU = Release|Any CPU
	EndGlobalSection
	GlobalSection(ProjectConfigurationPlatforms) = postSolution
		{36C1FC61-99E8-4B81-871C-0D8953D3D4EC}.Debug|Any CPU.ActiveCfg = Debug|Any CPU
		{36C1FC61-99E8-4B81-871C-0D8953D3D4EC}.Debug|Any CPU.Build.0 = Debug|Any CPU
		{36C1FC61-99E8-4B81-871C-0D8953D3D4EC}.Release|Any CPU.ActiveCfg = Release|Any CPU
		{36C1FC61-99E8-4B81-871C-0D8953D3D4EC}.Release|Any CPU.Build.0 = Release|Any CPU
	EndGlobalSection
	GlobalSection(SolutionProperties) = preSolution
		HideSolutionNode = FALSE
	EndGlobalSection
	GlobalSection(ExtensibilityGlobals) = postSolution
		SolutionGuid = {4E538AB5-711C-4CAA-B023-E0EFE86E11B2}
	EndGlobalSection
EndGlobal
